
Microsoft Visual Studio Solution File, Format Version 12.00
# Visual Studio Version 17
VisualStudioVersion = 17.7.34031.279
MinimumVisualStudioVersion = 10.0.40219.1
Project("{FAE04EC0-301F-11D3-BF4B-00C04F79EFBC}") = "bt tuan 4", "bt tuan 4\bt tuan 4.csproj", "{67A26E60-1EDD-487F-89FC-B117B38E59A9}"
EndProject
Global
	GlobalSection(SolutionConfigurationPlatforms) = preSolution
		Debug|Any CPU = Debug|Any CPU
		Release|Any CPU = Release|Any CPU
	EndGlobalSection
	GlobalSection(ProjectConfigurationPlatforms) = postSolution
		{67A26E60-1EDD-487F-89FC-B117B38E59A9}.Debug|Any CPU.ActiveCfg = Debug|Any CPU
		{67A26E60-1EDD-487F-89FC-B117B38E59A9}.Debug|Any CPU.Build.0 = Debug|Any CPU
		{67A26E60-1EDD-487F-89FC-B117B38E59A9}.Release|Any CPU.ActiveCfg = Release|Any CPU
		{67A26E60-1EDD-487F-89FC-B117B38E59A9}.Release|Any CPU.Build.0 = Release|Any CPU
	EndGlobalSection
	GlobalSection(SolutionProperties) = preSolution
		HideSolutionNode = FALSE
	EndGlobalSection
	GlobalSection(ExtensibilityGlobals) = postSolution
		SolutionGuid = {81F9F723-4EFC-417A-A1FA-1CFE166FB1BA}
	EndGlobalSection
EndGlobal
